
Microsoft Visual Studio Solution File, Format Version 12.00
Project("{FAE04EC0-301F-11D3-BF4B-00C04F79EFBC}") = "AdventOfCode.Day1", "AdventOfCode.Day1\AdventOfCode.Day1.csproj", "{F4D34251-A671-4B5A-A7F8-147B3A707ED2}"
EndProject
Project("{FAE04EC0-301F-11D3-BF4B-00C04F79EFBC}") = "AdventOfCode.Day2", "AdventOfCode.Day2\AdventOfCode.Day2.csproj", "{4CD0A285-0C11-4386-8541-E6D46CF7CFBB}"
EndProject
Project("{FAE04EC0-301F-11D3-BF4B-00C04F79EFBC}") = "AdventOfCode.Util", "AdventOfCode.Util\AdventOfCode.Util.csproj", "{550237C5-8F13-4492-AE07-A2685E28AAAB}"
EndProject
Project("{FAE04EC0-301F-11D3-BF4B-00C04F79EFBC}") = "AdventOfCode.Day3", "AdventOfCode.Day3\AdventOfCode.Day3.csproj", "{27BCCFBA-79C1-4D11-BA1D-98D7ADD091C4}"
EndProject
Project("{FAE04EC0-301F-11D3-BF4B-00C04F79EFBC}") = "AdventOfCode.Day4", "AdventOfCode.Day4\AdventOfCode.Day4.csproj", "{E62EF60F-04DC-4B18-9373-598134A3A45B}"
EndProject
Project("{FAE04EC0-301F-11D3-BF4B-00C04F79EFBC}") = "AdventOfCode.Day5", "AdventOfCode.Day5\AdventOfCode.Day5.csproj", "{87E790D1-7B04-4BA6-A930-C0B194F18E48}"
EndProject
Project("{FAE04EC0-301F-11D3-BF4B-00C04F79EFBC}") = "AdventOfCode.Day6", "AdventOfCode.Day6\AdventOfCode.Day6.csproj", "{4CE59BAF-1085-4F21-9B11-ED5CD2615326}"
EndProject
Project("{FAE04EC0-301F-11D3-BF4B-00C04F79EFBC}") = "AdventOfCode.Day7", "AdventOfCode.Day7\AdventOfCode.Day7.csproj", "{91A8AE40-CE8D-4763-9CF7-A8D95C4CCDEF}"
EndProject
Project("{FAE04EC0-301F-11D3-BF4B-00C04F79EFBC}") = "AdventOfCode.Day8", "AdventOfCode.Day8\AdventOfCode.Day8.csproj", "{78825205-EF4B-4BE3-8EE0-91C810AEF85E}"
EndProject
Project("{FAE04EC0-301F-11D3-BF4B-00C04F79EFBC}") = "AdventOfCode.Day9", "AdventOfCode.Day9\AdventOfCode.Day9.csproj", "{8763D61C-BA37-460B-85BB-4A2D99F8E125}"
EndProject
Project("{FAE04EC0-301F-11D3-BF4B-00C04F79EFBC}") = "AdventOfCode.Day10", "AdventOfCode.Day10\AdventOfCode.Day10.csproj", "{47F298A2-EC0B-4534-8B0E-70AB2D92AF7B}"
EndProject
Project("{FAE04EC0-301F-11D3-BF4B-00C04F79EFBC}") = "AdventOfCode.Day11", "AdventOfCode.Day11\AdventOfCode.Day11.csproj", "{C926A565-542E-4980-831A-A932923F9798}"
EndProject
Project("{FAE04EC0-301F-11D3-BF4B-00C04F79EFBC}") = "AdventOfCode.Day12", "AdventOfCode.Day12\AdventOfCode.Day12.csproj", "{691B24E6-79D4-4AA1-9DAA-3BFD026CECA9}"
EndProject
Project("{FAE04EC0-301F-11D3-BF4B-00C04F79EFBC}") = "AdventOfCode.Day13", "AdventOfCode.Day13\AdventOfCode.Day13.csproj", "{4992D08E-D327-4513-9420-FB11246F0D5F}"
EndProject
Global
	GlobalSection(SolutionConfigurationPlatforms) = preSolution
		Debug|Any CPU = Debug|Any CPU
		Release|Any CPU = Release|Any CPU
	EndGlobalSection
	GlobalSection(ProjectConfigurationPlatforms) = postSolution
		{F4D34251-A671-4B5A-A7F8-147B3A707ED2}.Debug|Any CPU.ActiveCfg = Debug|Any CPU
		{F4D34251-A671-4B5A-A7F8-147B3A707ED2}.Debug|Any CPU.Build.0 = Debug|Any CPU
		{F4D34251-A671-4B5A-A7F8-147B3A707ED2}.Release|Any CPU.ActiveCfg = Release|Any CPU
		{F4D34251-A671-4B5A-A7F8-147B3A707ED2}.Release|Any CPU.Build.0 = Release|Any CPU
		{4CD0A285-0C11-4386-8541-E6D46CF7CFBB}.Debug|Any CPU.ActiveCfg = Debug|Any CPU
		{4CD0A285-0C11-4386-8541-E6D46CF7CFBB}.Debug|Any CPU.Build.0 = Debug|Any CPU
		{4CD0A285-0C11-4386-8541-E6D46CF7CFBB}.Release|Any CPU.ActiveCfg = Release|Any CPU
		{4CD0A285-0C11-4386-8541-E6D46CF7CFBB}.Release|Any CPU.Build.0 = Release|Any CPU
		{550237C5-8F13-4492-AE07-A2685E28AAAB}.Debug|Any CPU.ActiveCfg = Debug|Any CPU
		{550237C5-8F13-4492-AE07-A2685E28AAAB}.Debug|Any CPU.Build.0 = Debug|Any CPU
		{550237C5-8F13-4492-AE07-A2685E28AAAB}.Release|Any CPU.ActiveCfg = Release|Any CPU
		{550237C5-8F13-4492-AE07-A2685E28AAAB}.Release|Any CPU.Build.0 = Release|Any CPU
		{27BCCFBA-79C1-4D11-BA1D-98D7ADD091C4}.Debug|Any CPU.ActiveCfg = Debug|Any CPU
		{27BCCFBA-79C1-4D11-BA1D-98D7ADD091C4}.Debug|Any CPU.Build.0 = Debug|Any CPU
		{27BCCFBA-79C1-4D11-BA1D-98D7ADD091C4}.Release|Any CPU.ActiveCfg = Release|Any CPU
		{27BCCFBA-79C1-4D11-BA1D-98D7ADD091C4}.Release|Any CPU.Build.0 = Release|Any CPU
		{E62EF60F-04DC-4B18-9373-598134A3A45B}.Debug|Any CPU.ActiveCfg = Debug|Any CPU
		{E62EF60F-04DC-4B18-9373-598134A3A45B}.Debug|Any CPU.Build.0 = Debug|Any CPU
		{E62EF60F-04DC-4B18-9373-598134A3A45B}.Release|Any CPU.ActiveCfg = Release|Any CPU
		{E62EF60F-04DC-4B18-9373-598134A3A45B}.Release|Any CPU.Build.0 = Release|Any CPU
		{87E790D1-7B04-4BA6-A930-C0B194F18E48}.Debug|Any CPU.ActiveCfg = Debug|Any CPU
		{87E790D1-7B04-4BA6-A930-C0B194F18E48}.Debug|Any CPU.Build.0 = Debug|Any CPU
		{87E790D1-7B04-4BA6-A930-C0B194F18E48}.Release|Any CPU.ActiveCfg = Release|Any CPU
		{87E790D1-7B04-4BA6-A930-C0B194F18E48}.Release|Any CPU.Build.0 = Release|Any CPU
		{4CE59BAF-1085-4F21-9B11-ED5CD2615326}.Debug|Any CPU.ActiveCfg = Debug|Any CPU
		{4CE59BAF-1085-4F21-9B11-ED5CD2615326}.Debug|Any CPU.Build.0 = Debug|Any CPU
		{4CE59BAF-1085-4F21-9B11-ED5CD2615326}.Release|Any CPU.ActiveCfg = Release|Any CPU
		{4CE59BAF-1085-4F21-9B11-ED5CD2615326}.Release|Any CPU.Build.0 = Release|Any CPU
		{91A8AE40-CE8D-4763-9CF7-A8D95C4CCDEF}.Debug|Any CPU.ActiveCfg = Debug|Any CPU
		{91A8AE40-CE8D-4763-9CF7-A8D95C4CCDEF}.Debug|Any CPU.Build.0 = Debug|Any CPU
		{91A8AE40-CE8D-4763-9CF7-A8D95C4CCDEF}.Release|Any CPU.ActiveCfg = Release|Any CPU
		{91A8AE40-CE8D-4763-9CF7-A8D95C4CCDEF}.Release|Any CPU.Build.0 = Release|Any CPU
		{78825205-EF4B-4BE3-8EE0-91C810AEF85E}.Debug|Any CPU.ActiveCfg = Debug|Any CPU
		{78825205-EF4B-4BE3-8EE0-91C810AEF85E}.Debug|Any CPU.Build.0 = Debug|Any CPU
		{78825205-EF4B-4BE3-8EE0-91C810AEF85E}.Release|Any CPU.ActiveCfg = Release|Any CPU
		{78825205-EF4B-4BE3-8EE0-91C810AEF85E}.Release|Any CPU.Build.0 = Release|Any CPU
		{8763D61C-BA37-460B-85BB-4A2D99F8E125}.Debug|Any CPU.ActiveCfg = Debug|Any CPU
		{8763D61C-BA37-460B-85BB-4A2D99F8E125}.Debug|Any CPU.Build.0 = Debug|Any CPU
		{8763D61C-BA37-460B-85BB-4A2D99F8E125}.Release|Any CPU.ActiveCfg = Release|Any CPU
		{8763D61C-BA37-460B-85BB-4A2D99F8E125}.Release|Any CPU.Build.0 = Release|Any CPU
		{47F298A2-EC0B-4534-8B0E-70AB2D92AF7B}.Debug|Any CPU.ActiveCfg = Debug|Any CPU
		{47F298A2-EC0B-4534-8B0E-70AB2D92AF7B}.Debug|Any CPU.Build.0 = Debug|Any CPU
		{47F298A2-EC0B-4534-8B0E-70AB2D92AF7B}.Release|Any CPU.ActiveCfg = Release|Any CPU
		{47F298A2-EC0B-4534-8B0E-70AB2D92AF7B}.Release|Any CPU.Build.0 = Release|Any CPU
		{C926A565-542E-4980-831A-A932923F9798}.Debug|Any CPU.ActiveCfg = Debug|Any CPU
		{C926A565-542E-4980-831A-A932923F9798}.Debug|Any CPU.Build.0 = Debug|Any CPU
		{C926A565-542E-4980-831A-A932923F9798}.Release|Any CPU.ActiveCfg = Release|Any CPU
		{C926A565-542E-4980-831A-A932923F9798}.Release|Any CPU.Build.0 = Release|Any CPU
		{691B24E6-79D4-4AA1-9DAA-3BFD026CECA9}.Debug|Any CPU.ActiveCfg = Debug|Any CPU
		{691B24E6-79D4-4AA1-9DAA-3BFD026CECA9}.Debug|Any CPU.Build.0 = Debug|Any CPU
		{691B24E6-79D4-4AA1-9DAA-3BFD026CECA9}.Release|Any CPU.ActiveCfg = Release|Any CPU
		{691B24E6-79D4-4AA1-9DAA-3BFD026CECA9}.Release|Any CPU.Build.0 = Release|Any CPU
		{4992D08E-D327-4513-9420-FB11246F0D5F}.Debug|Any CPU.ActiveCfg = Debug|Any CPU
		{4992D08E-D327-4513-9420-FB11246F0D5F}.Debug|Any CPU.Build.0 = Debug|Any CPU
		{4992D08E-D327-4513-9420-FB11246F0D5F}.Release|Any CPU.ActiveCfg = Release|Any CPU
		{4992D08E-D327-4513-9420-FB11246F0D5F}.Release|Any CPU.Build.0 = Release|Any CPU
	EndGlobalSection
EndGlobal
